
Microsoft Visual Studio Solution File, Format Version 12.00
# Visual Studio Version 17
VisualStudioVersion = 17.7.34031.279
MinimumVisualStudioVersion = 10.0.40219.1
Project("{FAE04EC0-301F-11D3-BF4B-00C04F79EFBC}") = "Concesionario_V1", "Concesionario_V1\Concesionario_V1.csproj", "{9490B8D5-FD5F-4E48-BB58-D2EBD28E5C17}"
EndProject
Global
	GlobalSection(SolutionConfigurationPlatforms) = preSolution
		Debug|Any CPU = Debug|Any CPU
		Release|Any CPU = Release|Any CPU
	EndGlobalSection
	GlobalSection(ProjectConfigurationPlatforms) = postSolution
		{9490B8D5-FD5F-4E48-BB58-D2EBD28E5C17}.Debug|Any CPU.ActiveCfg = Debug|Any CPU
		{9490B8D5-FD5F-4E48-BB58-D2EBD28E5C17}.Debug|Any CPU.Build.0 = Debug|Any CPU
		{9490B8D5-FD5F-4E48-BB58-D2EBD28E5C17}.Release|Any CPU.ActiveCfg = Release|Any CPU
		{9490B8D5-FD5F-4E48-BB58-D2EBD28E5C17}.Release|Any CPU.Build.0 = Release|Any CPU
	EndGlobalSection
	GlobalSection(SolutionProperties) = preSolution
		HideSolutionNode = FALSE
	EndGlobalSection
	GlobalSection(ExtensibilityGlobals) = postSolution
		SolutionGuid = {0C592A12-7D38-4467-AAA0-0A46D42EB055}
	EndGlobalSection
EndGlobal
